
Microsoft Visual Studio Solution File, Format Version 12.00
# Visual Studio Version 16
VisualStudioVersion = 16.0.30104.148
MinimumVisualStudioVersion = 10.0.40219.1
Project("{FAE04EC0-301F-11D3-BF4B-00C04F79EFBC}") = "BlazorApp1", "BlazorApp1.csproj", "{3F707FDA-D36D-48D3-9DFC-40F30C81E9DC}"
EndProject
Global
	GlobalSection(SolutionConfigurationPlatforms) = preSolution
		Debug|Any CPU = Debug|Any CPU
		Release|Any CPU = Release|Any CPU
	EndGlobalSection
	GlobalSection(ProjectConfigurationPlatforms) = postSolution
		{3F707FDA-D36D-48D3-9DFC-40F30C81E9DC}.Debug|Any CPU.ActiveCfg = Debug|Any CPU
		{3F707FDA-D36D-48D3-9DFC-40F30C81E9DC}.Debug|Any CPU.Build.0 = Debug|Any CPU
		{3F707FDA-D36D-48D3-9DFC-40F30C81E9DC}.Release|Any CPU.ActiveCfg = Release|Any CPU
		{3F707FDA-D36D-48D3-9DFC-40F30C81E9DC}.Release|Any CPU.Build.0 = Release|Any CPU
	EndGlobalSection
	GlobalSection(SolutionProperties) = preSolution
		HideSolutionNode = FALSE
	EndGlobalSection
	GlobalSection(ExtensibilityGlobals) = postSolution
		SolutionGuid = {A9353C2F-8707-478F-85DE-BAE699A78DF5}
	EndGlobalSection
EndGlobal
